
Microsoft Visual Studio Solution File, Format Version 12.00
# Visual Studio 2013
VisualStudioVersion = 12.0.31101.0
MinimumVisualStudioVersion = 10.0.40219.1
Project("{FAE04EC0-301F-11D3-BF4B-00C04F79EFBC}") = "StuffFinder", "StuffFinder\StuffFinder.csproj", "{1EB1809E-F120-4518-A3A8-CC557DF0B88D}"
EndProject
Project("{2150E333-8FDC-42A3-9474-1A3956D46DE8}") = "Solution Items", "Solution Items", "{D23E285E-4EDD-499C-85DC-526F1E90F153}"
	ProjectSection(SolutionItems) = preProject
		Resources.txt = Resources.txt
		SqlSchemaCompare2.scmp = SqlSchemaCompare2.scmp
	EndProjectSection
EndProject
Project("{2150E333-8FDC-42A3-9474-1A3956D46DE8}") = "Test Projects", "Test Projects", "{BFAF4C8C-F351-40A2-9162-02470844AF89}"
EndProject
Project("{FAE04EC0-301F-11D3-BF4B-00C04F79EFBC}") = "StuffFinder.UnitTests", "StuffFinder.UnitTests\StuffFinder.UnitTests.csproj", "{DF0249BA-9DE3-4B0A-AD04-88E170D0E7EF}"
EndProject
Project("{FAE04EC0-301F-11D3-BF4B-00C04F79EFBC}") = "StuffFinder.IntegrationTests", "StuffFinder.IntegrationTests\StuffFinder.IntegrationTests.csproj", "{DE1C4553-5FFF-4043-9D95-3B7F13F101F9}"
EndProject
Project("{FAE04EC0-301F-11D3-BF4B-00C04F79EFBC}") = "StuffFinder.Core", "StuffFinder.Core\StuffFinder.Core.csproj", "{C3727208-C733-4180-917E-E4267F1DE105}"
EndProject
Project("{FAE04EC0-301F-11D3-BF4B-00C04F79EFBC}") = "StuffFinder.Data", "StuffFinder.Data\StuffFinder.Data.csproj", "{F529F3CA-AED0-4072-B686-D916C82746FB}"
EndProject
Project("{FAE04EC0-301F-11D3-BF4B-00C04F79EFBC}") = "StuffFinder.CompositionRoot", "StuffFinder.CompositionRoot\StuffFinder.CompositionRoot.csproj", "{3D21DCBC-C287-49A2-976F-4A5427B08903}"
EndProject
Project("{FAE04EC0-301F-11D3-BF4B-00C04F79EFBC}") = "StuffFinder.AuthenticationApi", "StuffFinder.AuthenticationApi\StuffFinder.AuthenticationApi.csproj", "{8209BB05-8B8B-4ACF-8382-D9A214628BC9}"
EndProject
Project("{2150E333-8FDC-42A3-9474-1A3956D46DE8}") = ".nuget", ".nuget", "{7E8ABD8F-BD1C-4520-B1AB-7CF7D56958D2}"
	ProjectSection(SolutionItems) = preProject
		.nuget\NuGet.Config = .nuget\NuGet.Config
		.nuget\NuGet.exe = .nuget\NuGet.exe
		.nuget\NuGet.targets = .nuget\NuGet.targets
	EndProjectSection
EndProject
Project("{FAE04EC0-301F-11D3-BF4B-00C04F79EFBC}") = "StuffFinder.ResourceServer", "StuffFinder.ResourceServer\StuffFinder.ResourceServer.csproj", "{0CAE2F9F-D136-4AF1-836E-D4FF49785D27}"
EndProject
Project("{FAE04EC0-301F-11D3-BF4B-00C04F79EFBC}") = "StuffFinder.Infrastructure", "StuffFinder.Infrastructure\StuffFinder.Infrastructure.csproj", "{BD976EB7-0435-4ED1-856D-37CC9010B8C4}"
EndProject
Project("{2150E333-8FDC-42A3-9474-1A3956D46DE8}") = "Code First Initial Migration", "Code First Initial Migration", "{59E69696-7EA5-4A59-B04B-25A6AFF8715E}"
	ProjectSection(SolutionItems) = preProject
		StuffFinder.Data\Migrations\201501300800340_InitialMigration.cs = StuffFinder.Data\Migrations\201501300800340_InitialMigration.cs
		StuffFinder.Data\Migrations\201501300800340_InitialMigration.Designer.cs = StuffFinder.Data\Migrations\201501300800340_InitialMigration.Designer.cs
		StuffFinder.Data\Migrations\201501300800340_InitialMigration.resx = StuffFinder.Data\Migrations\201501300800340_InitialMigration.resx
	EndProjectSection
EndProject
Global
	GlobalSection(AutomaticVersions) = postSolution
		UpdateAssemblyVersion.Release|Any CPU = True
		UpdateAssemblyFileVersion.Release|Any CPU = True
		UpdateAssemblyInfoVersion.Release|Any CPU = False
		AssemblyVersionSettings.Release|Any CPU = None.IncrementOnDemandWithReset.MonthStamp.Increment
		AssemblyFileVersionSettings.Release|Any CPU = None.IncrementOnDemandWithReset.MonthStamp.Increment
	EndGlobalSection
	GlobalSection(SolutionConfigurationPlatforms) = preSolution
		Debug|Any CPU = Debug|Any CPU
		Release|Any CPU = Release|Any CPU
	EndGlobalSection
	GlobalSection(ProjectConfigurationPlatforms) = postSolution
		{1EB1809E-F120-4518-A3A8-CC557DF0B88D}.Debug|Any CPU.ActiveCfg = Debug|Any CPU
		{1EB1809E-F120-4518-A3A8-CC557DF0B88D}.Debug|Any CPU.Build.0 = Debug|Any CPU
		{1EB1809E-F120-4518-A3A8-CC557DF0B88D}.Release|Any CPU.ActiveCfg = Release|Any CPU
		{1EB1809E-F120-4518-A3A8-CC557DF0B88D}.Release|Any CPU.Build.0 = Release|Any CPU
		{DF0249BA-9DE3-4B0A-AD04-88E170D0E7EF}.Debug|Any CPU.ActiveCfg = Debug|Any CPU
		{DF0249BA-9DE3-4B0A-AD04-88E170D0E7EF}.Debug|Any CPU.Build.0 = Debug|Any CPU
		{DF0249BA-9DE3-4B0A-AD04-88E170D0E7EF}.Release|Any CPU.ActiveCfg = Release|Any CPU
		{DF0249BA-9DE3-4B0A-AD04-88E170D0E7EF}.Release|Any CPU.Build.0 = Release|Any CPU
		{DE1C4553-5FFF-4043-9D95-3B7F13F101F9}.Debug|Any CPU.ActiveCfg = Debug|Any CPU
		{DE1C4553-5FFF-4043-9D95-3B7F13F101F9}.Debug|Any CPU.Build.0 = Debug|Any CPU
		{DE1C4553-5FFF-4043-9D95-3B7F13F101F9}.Release|Any CPU.ActiveCfg = Release|Any CPU
		{DE1C4553-5FFF-4043-9D95-3B7F13F101F9}.Release|Any CPU.Build.0 = Release|Any CPU
		{C3727208-C733-4180-917E-E4267F1DE105}.Debug|Any CPU.ActiveCfg = Debug|Any CPU
		{C3727208-C733-4180-917E-E4267F1DE105}.Debug|Any CPU.Build.0 = Debug|Any CPU
		{C3727208-C733-4180-917E-E4267F1DE105}.Release|Any CPU.ActiveCfg = Release|Any CPU
		{C3727208-C733-4180-917E-E4267F1DE105}.Release|Any CPU.Build.0 = Release|Any CPU
		{F529F3CA-AED0-4072-B686-D916C82746FB}.Debug|Any CPU.ActiveCfg = Debug|Any CPU
		{F529F3CA-AED0-4072-B686-D916C82746FB}.Debug|Any CPU.Build.0 = Debug|Any CPU
		{F529F3CA-AED0-4072-B686-D916C82746FB}.Release|Any CPU.ActiveCfg = Release|Any CPU
		{F529F3CA-AED0-4072-B686-D916C82746FB}.Release|Any CPU.Build.0 = Release|Any CPU
		{3D21DCBC-C287-49A2-976F-4A5427B08903}.Debug|Any CPU.ActiveCfg = Debug|Any CPU
		{3D21DCBC-C287-49A2-976F-4A5427B08903}.Debug|Any CPU.Build.0 = Debug|Any CPU
		{3D21DCBC-C287-49A2-976F-4A5427B08903}.Release|Any CPU.ActiveCfg = Release|Any CPU
		{3D21DCBC-C287-49A2-976F-4A5427B08903}.Release|Any CPU.Build.0 = Release|Any CPU
		{8209BB05-8B8B-4ACF-8382-D9A214628BC9}.Debug|Any CPU.ActiveCfg = Debug|Any CPU
		{8209BB05-8B8B-4ACF-8382-D9A214628BC9}.Debug|Any CPU.Build.0 = Debug|Any CPU
		{8209BB05-8B8B-4ACF-8382-D9A214628BC9}.Release|Any CPU.ActiveCfg = Release|Any CPU
		{8209BB05-8B8B-4ACF-8382-D9A214628BC9}.Release|Any CPU.Build.0 = Release|Any CPU
		{0CAE2F9F-D136-4AF1-836E-D4FF49785D27}.Debug|Any CPU.ActiveCfg = Debug|Any CPU
		{0CAE2F9F-D136-4AF1-836E-D4FF49785D27}.Debug|Any CPU.Build.0 = Debug|Any CPU
		{0CAE2F9F-D136-4AF1-836E-D4FF49785D27}.Release|Any CPU.ActiveCfg = Release|Any CPU
		{0CAE2F9F-D136-4AF1-836E-D4FF49785D27}.Release|Any CPU.Build.0 = Release|Any CPU
		{BD976EB7-0435-4ED1-856D-37CC9010B8C4}.Debug|Any CPU.ActiveCfg = Debug|Any CPU
		{BD976EB7-0435-4ED1-856D-37CC9010B8C4}.Debug|Any CPU.Build.0 = Debug|Any CPU
		{BD976EB7-0435-4ED1-856D-37CC9010B8C4}.Release|Any CPU.ActiveCfg = Release|Any CPU
		{BD976EB7-0435-4ED1-856D-37CC9010B8C4}.Release|Any CPU.Build.0 = Release|Any CPU
	EndGlobalSection
	GlobalSection(SolutionProperties) = preSolution
		HideSolutionNode = FALSE
	EndGlobalSection
	GlobalSection(NestedProjects) = preSolution
		{DF0249BA-9DE3-4B0A-AD04-88E170D0E7EF} = {BFAF4C8C-F351-40A2-9162-02470844AF89}
		{DE1C4553-5FFF-4043-9D95-3B7F13F101F9} = {BFAF4C8C-F351-40A2-9162-02470844AF89}
		{59E69696-7EA5-4A59-B04B-25A6AFF8715E} = {D23E285E-4EDD-499C-85DC-526F1E90F153}
	EndGlobalSection
EndGlobal
